// !$*UTF8*$!
{
	archiveVersion = 1;
	classes = {
	};
	objectVersion = 46;
	objects = {

/* Begin PBXBuildFile section */
		363AB4871EA75CD900455E08 /* AppDelegate.swift in Sources */ = {isa = PBXBuildFile; fileRef = 363AB4861EA75CD900455E08 /* AppDelegate.swift */; };
		363AB4891EA75CD900455E08 /* ViewController.swift in Sources */ = {isa = PBXBuildFile; fileRef = 363AB4881EA75CD900455E08 /* ViewController.swift */; };
		363AB48C1EA75CD900455E08 /* Main.storyboard in Resources */ = {isa = PBXBuildFile; fileRef = 363AB48A1EA75CD900455E08 /* Main.storyboard */; };
		363AB48E1EA75CD900455E08 /* Assets.xcassets in Resources */ = {isa = PBXBuildFile; fileRef = 363AB48D1EA75CD900455E08 /* Assets.xcassets */; };
		363AB4911EA75CD900455E08 /* LaunchScreen.storyboard in Resources */ = {isa = PBXBuildFile; fileRef = 363AB48F1EA75CD900455E08 /* LaunchScreen.storyboard */; };
		363AB49C1EA75CD900455E08 /* TableViewTests.swift in Sources */ = {isa = PBXBuildFile; fileRef = 363AB49B1EA75CD900455E08 /* TableViewTests.swift */; };
		363AB4A71EA75CD900455E08 /* TableViewUITests.swift in Sources */ = {isa = PBXBuildFile; fileRef = 363AB4A61EA75CD900455E08 /* TableViewUITests.swift */; };
		363AB4DA1EA75D5400455E08 /* airport-express.tif in Resources */ = {isa = PBXBuildFile; fileRef = 363AB4B51EA75D5400455E08 /* airport-express.tif */; };
		363AB4DB1EA75D5400455E08 /* airport-extreme.tif in Resources */ = {isa = PBXBuildFile; fileRef = 363AB4B61EA75D5400455E08 /* airport-extreme.tif */; };
		363AB4DC1EA75D5400455E08 /* airport-time-capsule.tif in Resources */ = {isa = PBXBuildFile; fileRef = 363AB4B71EA75D5400455E08 /* airport-time-capsule.tif */; };
		363AB4DD1EA75D5400455E08 /* aperture.tif in Resources */ = {isa = PBXBuildFile; fileRef = 363AB4B81EA75D5400455E08 /* aperture.tif */; };
		363AB4DE1EA75D5400455E08 /* apple-pay.tif in Resources */ = {isa = PBXBuildFile; fileRef = 363AB4B91EA75D5400455E08 /* apple-pay.tif */; };
		363AB4DF1EA75D5400455E08 /* apple-tv.tif in Resources */ = {isa = PBXBuildFile; fileRef = 363AB4BA1EA75D5400455E08 /* apple-tv.tif */; };
		363AB4E01EA75D5400455E08 /* apple-watch.tif in Resources */ = {isa = PBXBuildFile; fileRef = 363AB4BB1EA75D5400455E08 /* apple-watch.tif */; };
		363AB4E11EA75D5400455E08 /* apple-wireless-keyboard.tif in Resources */ = {isa = PBXBuildFile; fileRef = 363AB4BC1EA75D5400455E08 /* apple-wireless-keyboard.tif */; };
		363AB4E21EA75D5400455E08 /* battery-charger.tif in Resources */ = {isa = PBXBuildFile; fileRef = 363AB4BD1EA75D5400455E08 /* battery-charger.tif */; };
		363AB4E31EA75D5400455E08 /* default@1x.pdf in Resources */ = {isa = PBXBuildFile; fileRef = 363AB4BE1EA75D5400455E08 /* default@1x.pdf */; };
		363AB4E41EA75D5400455E08 /* default@2x.pdf in Resources */ = {isa = PBXBuildFile; fileRef = 363AB4BF1EA75D5400455E08 /* default@2x.pdf */; };
		363AB4E51EA75D5400455E08 /* display.tif in Resources */ = {isa = PBXBuildFile; fileRef = 363AB4C01EA75D5400455E08 /* display.tif */; };
		363AB4E61EA75D5400455E08 /* eyeball.png in Resources */ = {isa = PBXBuildFile; fileRef = 363AB4C11EA75D5400455E08 /* eyeball.png */; };
		363AB4E71EA75D5400455E08 /* final-cut-pro-x.tif in Resources */ = {isa = PBXBuildFile; fileRef = 363AB4C21EA75D5400455E08 /* final-cut-pro-x.tif */; };
		363AB4E81EA75D5400455E08 /* icloud.tif in Resources */ = {isa = PBXBuildFile; fileRef = 363AB4C31EA75D5400455E08 /* icloud.tif */; };
		363AB4E91EA75D5400455E08 /* ilife.tif in Resources */ = {isa = PBXBuildFile; fileRef = 363AB4C41EA75D5400455E08 /* ilife.tif */; };
		363AB4EA1EA75D5400455E08 /* imac-5k.tif in Resources */ = {isa = PBXBuildFile; fileRef = 363AB4C51EA75D5400455E08 /* imac-5k.tif */; };
		363AB4EB1EA75D5400455E08 /* ios8.tif in Resources */ = {isa = PBXBuildFile; fileRef = 363AB4C61EA75D5400455E08 /* ios8.tif */; };
		363AB4EC1EA75D5400455E08 /* ipad-air2.tif in Resources */ = {isa = PBXBuildFile; fileRef = 363AB4C71EA75D5400455E08 /* ipad-air2.tif */; };
		363AB4ED1EA75D5400455E08 /* iphone6.tif in Resources */ = {isa = PBXBuildFile; fileRef = 363AB4C81EA75D5400455E08 /* iphone6.tif */; };
		363AB4EE1EA75D5400455E08 /* ipod-nano.tif in Resources */ = {isa = PBXBuildFile; fileRef = 363AB4C91EA75D5400455E08 /* ipod-nano.tif */; };
		363AB4EF1EA75D5400455E08 /* ipod-shuffle.tif in Resources */ = {isa = PBXBuildFile; fileRef = 363AB4CA1EA75D5400455E08 /* ipod-shuffle.tif */; };
		363AB4F01EA75D5400455E08 /* ipod-touch.tif in Resources */ = {isa = PBXBuildFile; fileRef = 363AB4CB1EA75D5400455E08 /* ipod-touch.tif */; };
		363AB4F11EA75D5400455E08 /* itunes.tif in Resources */ = {isa = PBXBuildFile; fileRef = 363AB4CC1EA75D5400455E08 /* itunes.tif */; };
		363AB4F21EA75D5400455E08 /* iwork.tif in Resources */ = {isa = PBXBuildFile; fileRef = 363AB4CD1EA75D5400455E08 /* iwork.tif */; };
		363AB4F31EA75D5400455E08 /* logic-pro-x.tif in Resources */ = {isa = PBXBuildFile; fileRef = 363AB4CE1EA75D5400455E08 /* logic-pro-x.tif */; };
		363AB4F41EA75D5400455E08 /* mac-mini.tif in Resources */ = {isa = PBXBuildFile; fileRef = 363AB4CF1EA75D5400455E08 /* mac-mini.tif */; };
		363AB4F51EA75D5400455E08 /* mac-pro.tif in Resources */ = {isa = PBXBuildFile; fileRef = 363AB4D01EA75D5400455E08 /* mac-pro.tif */; };
		363AB4F61EA75D5400455E08 /* macbook-air.tif in Resources */ = {isa = PBXBuildFile; fileRef = 363AB4D11EA75D5400455E08 /* macbook-air.tif */; };
		363AB4F71EA75D5400455E08 /* macbook-pro-13.tif in Resources */ = {isa = PBXBuildFile; fileRef = 363AB4D21EA75D5400455E08 /* macbook-pro-13.tif */; };
		363AB4F81EA75D5400455E08 /* macbook-pro-retina.tif in Resources */ = {isa = PBXBuildFile; fileRef = 363AB4D31EA75D5400455E08 /* macbook-pro-retina.tif */; };
		363AB4F91EA75D5400455E08 /* macbook.tif in Resources */ = {isa = PBXBuildFile; fileRef = 363AB4D41EA75D5400455E08 /* macbook.tif */; };
		363AB4FA1EA75D5400455E08 /* magic-mouse.tif in Resources */ = {isa = PBXBuildFile; fileRef = 363AB4D51EA75D5400455E08 /* magic-mouse.tif */; };
		363AB4FB1EA75D5400455E08 /* magic-trackpad.tif in Resources */ = {isa = PBXBuildFile; fileRef = 363AB4D61EA75D5400455E08 /* magic-trackpad.tif */; };
		363AB4FC1EA75D5400455E08 /* os-x.tif in Resources */ = {isa = PBXBuildFile; fileRef = 363AB4D71EA75D5400455E08 /* os-x.tif */; };
		363AB4FD1EA75D5400455E08 /* star_sel.png in Resources */ = {isa = PBXBuildFile; fileRef = 363AB4D81EA75D5400455E08 /* star_sel.png */; };
		363AB4FE1EA75D5400455E08 /* star_uns.png in Resources */ = {isa = PBXBuildFile; fileRef = 363AB4D91EA75D5400455E08 /* star_uns.png */; };
		363AB5021EA75D5600455E08 /* Product.swift in Sources */ = {isa = PBXBuildFile; fileRef = 363AB5001EA75D5600455E08 /* Product.swift */; };
		363AB5031EA75D5600455E08 /* ProductLine.swift in Sources */ = {isa = PBXBuildFile; fileRef = 363AB5011EA75D5600455E08 /* ProductLine.swift */; };
		363AB5051EA75E3A00455E08 /* AppleTableViewController.swift in Sources */ = {isa = PBXBuildFile; fileRef = 363AB5041EA75E3A00455E08 /* AppleTableViewController.swift */; };
/* End PBXBuildFile section */

/* Begin PBXContainerItemProxy section */
		363AB4981EA75CD900455E08 /* PBXContainerItemProxy */ = {
			isa = PBXContainerItemProxy;
			containerPortal = 363AB47B1EA75CD900455E08 /* Project object */;
			proxyType = 1;
			remoteGlobalIDString = 363AB4821EA75CD900455E08;
			remoteInfo = TableView;
		};
		363AB4A31EA75CD900455E08 /* PBXContainerItemProxy */ = {
			isa = PBXContainerItemProxy;
			containerPortal = 363AB47B1EA75CD900455E08 /* Project object */;
			proxyType = 1;
			remoteGlobalIDString = 363AB4821EA75CD900455E08;
			remoteInfo = TableView;
		};
/* End PBXContainerItemProxy section */

/* Begin PBXFileReference section */
		363AB4831EA75CD900455E08 /* TableView.app */ = {isa = PBXFileReference; explicitFileType = wrapper.application; includeInIndex = 0; path = TableView.app; sourceTree = BUILT_PRODUCTS_DIR; };
		363AB4861EA75CD900455E08 /* AppDelegate.swift */ = {isa = PBXFileReference; lastKnownFileType = sourcecode.swift; path = AppDelegate.swift; sourceTree = "<group>"; };
		363AB4881EA75CD900455E08 /* ViewController.swift */ = {isa = PBXFileReference; lastKnownFileType = sourcecode.swift; path = ViewController.swift; sourceTree = "<group>"; };
		363AB48B1EA75CD900455E08 /* Base */ = {isa = PBXFileReference; lastKnownFileType = file.storyboard; name = Base; path = Base.lproj/Main.storyboard; sourceTree = "<group>"; };
		363AB48D1EA75CD900455E08 /* Assets.xcassets */ = {isa = PBXFileReference; lastKnownFileType = folder.assetcatalog; path = Assets.xcassets; sourceTree = "<group>"; };
		363AB4901EA75CD900455E08 /* Base */ = {isa = PBXFileReference; lastKnownFileType = file.storyboard; name = Base; path = Base.lproj/LaunchScreen.storyboard; sourceTree = "<group>"; };
		363AB4921EA75CD900455E08 /* Info.plist */ = {isa = PBXFileReference; lastKnownFileType = text.plist.xml; path = Info.plist; sourceTree = "<group>"; };
		363AB4971EA75CD900455E08 /* TableViewTests.xctest */ = {isa = PBXFileReference; explicitFileType = wrapper.cfbundle; includeInIndex = 0; path = TableViewTests.xctest; sourceTree = BUILT_PRODUCTS_DIR; };
		363AB49B1EA75CD900455E08 /* TableViewTests.swift */ = {isa = PBXFileReference; lastKnownFileType = sourcecode.swift; path = TableViewTests.swift; sourceTree = "<group>"; };
		363AB49D1EA75CD900455E08 /* Info.plist */ = {isa = PBXFileReference; lastKnownFileType = text.plist.xml; path = Info.plist; sourceTree = "<group>"; };
		363AB4A21EA75CD900455E08 /* TableViewUITests.xctest */ = {isa = PBXFileReference; explicitFileType = wrapper.cfbundle; includeInIndex = 0; path = TableViewUITests.xctest; sourceTree = BUILT_PRODUCTS_DIR; };
		363AB4A61EA75CD900455E08 /* TableViewUITests.swift */ = {isa = PBXFileReference; lastKnownFileType = sourcecode.swift; path = TableViewUITests.swift; sourceTree = "<group>"; };
		363AB4A81EA75CD900455E08 /* Info.plist */ = {isa = PBXFileReference; lastKnownFileType = text.plist.xml; path = Info.plist; sourceTree = "<group>"; };
		363AB4B51EA75D5400455E08 /* airport-express.tif */ = {isa = PBXFileReference; lastKnownFileType = image.tiff; path = "airport-express.tif"; sourceTree = "<group>"; };
		363AB4B61EA75D5400455E08 /* airport-extreme.tif */ = {isa = PBXFileReference; lastKnownFileType = image.tiff; path = "airport-extreme.tif"; sourceTree = "<group>"; };
		363AB4B71EA75D5400455E08 /* airport-time-capsule.tif */ = {isa = PBXFileReference; lastKnownFileType = image.tiff; path = "airport-time-capsule.tif"; sourceTree = "<group>"; };
		363AB4B81EA75D5400455E08 /* aperture.tif */ = {isa = PBXFileReference; lastKnownFileType = image.tiff; path = aperture.tif; sourceTree = "<group>"; };
		363AB4B91EA75D5400455E08 /* apple-pay.tif */ = {isa = PBXFileReference; lastKnownFileType = image.tiff; path = "apple-pay.tif"; sourceTree = "<group>"; };
		363AB4BA1EA75D5400455E08 /* apple-tv.tif */ = {isa = PBXFileReference; lastKnownFileType = image.tiff; path = "apple-tv.tif"; sourceTree = "<group>"; };
		363AB4BB1EA75D5400455E08 /* apple-watch.tif */ = {isa = PBXFileReference; lastKnownFileType = image.tiff; path = "apple-watch.tif"; sourceTree = "<group>"; };
		363AB4BC1EA75D5400455E08 /* apple-wireless-keyboard.tif */ = {isa = PBXFileReference; lastKnownFileType = image.tiff; path = "apple-wireless-keyboard.tif"; sourceTree = "<group>"; };
		363AB4BD1EA75D5400455E08 /* battery-charger.tif */ = {isa = PBXFileReference; lastKnownFileType = image.tiff; path = "battery-charger.tif"; sourceTree = "<group>"; };
		363AB4BE1EA75D5400455E08 /* default@1x.pdf */ = {isa = PBXFileReference; lastKnownFileType = image.pdf; path = "default@1x.pdf"; sourceTree = "<group>"; };
		363AB4BF1EA75D5400455E08 /* default@2x.pdf */ = {isa = PBXFileReference; lastKnownFileType = image.pdf; path = "default@2x.pdf"; sourceTree = "<group>"; };
		363AB4C01EA75D5400455E08 /* display.tif */ = {isa = PBXFileReference; lastKnownFileType = image.tiff; path = display.tif; sourceTree = "<group>"; };
		363AB4C11EA75D5400455E08 /* eyeball.png */ = {isa = PBXFileReference; lastKnownFileType = image.png; path = eyeball.png; sourceTree = "<group>"; };
		363AB4C21EA75D5400455E08 /* final-cut-pro-x.tif */ = {isa = PBXFileReference; lastKnownFileType = image.tiff; path = "final-cut-pro-x.tif"; sourceTree = "<group>"; };
		363AB4C31EA75D5400455E08 /* icloud.tif */ = {isa = PBXFileReference; lastKnownFileType = image.tiff; path = icloud.tif; sourceTree = "<group>"; };
		363AB4C41EA75D5400455E08 /* ilife.tif */ = {isa = PBXFileReference; lastKnownFileType = image.tiff; path = ilife.tif; sourceTree = "<group>"; };
		363AB4C51EA75D5400455E08 /* imac-5k.tif */ = {isa = PBXFileReference; lastKnownFileType = image.tiff; path = "imac-5k.tif"; sourceTree = "<group>"; };
		363AB4C61EA75D5400455E08 /* ios8.tif */ = {isa = PBXFileReference; lastKnownFileType = image.tiff; path = ios8.tif; sourceTree = "<group>"; };
		363AB4C71EA75D5400455E08 /* ipad-air2.tif */ = {isa = PBXFileReference; lastKnownFileType = image.tiff; path = "ipad-air2.tif"; sourceTree = "<group>"; };
		363AB4C81EA75D5400455E08 /* iphone6.tif */ = {isa = PBXFileReference; lastKnownFileType = image.tiff; path = iphone6.tif; sourceTree = "<group>"; };
		363AB4C91EA75D5400455E08 /* ipod-nano.tif */ = {isa = PBXFileReference; lastKnownFileType = image.tiff; path = "ipod-nano.tif"; sourceTree = "<group>"; };
		363AB4CA1EA75D5400455E08 /* ipod-shuffle.tif */ = {isa = PBXFileReference; lastKnownFileType = image.tiff; path = "ipod-shuffle.tif"; sourceTree = "<group>"; };
		363AB4CB1EA75D5400455E08 /* ipod-touch.tif */ = {isa = PBXFileReference; lastKnownFileType = image.tiff; path = "ipod-touch.tif"; sourceTree = "<group>"; };
		363AB4CC1EA75D5400455E08 /* itunes.tif */ = {isa = PBXFileReference; lastKnownFileType = image.tiff; path = itunes.tif; sourceTree = "<group>"; };
		363AB4CD1EA75D5400455E08 /* iwork.tif */ = {isa = PBXFileReference; lastKnownFileType = image.tiff; path = iwork.tif; sourceTree = "<group>"; };
		363AB4CE1EA75D5400455E08 /* logic-pro-x.tif */ = {isa = PBXFileReference; lastKnownFileType = image.tiff; path = "logic-pro-x.tif"; sourceTree = "<group>"; };
		363AB4CF1EA75D5400455E08 /* mac-mini.tif */ = {isa = PBXFileReference; lastKnownFileType = image.tiff; path = "mac-mini.tif"; sourceTree = "<group>"; };
		363AB4D01EA75D5400455E08 /* mac-pro.tif */ = {isa = PBXFileReference; lastKnownFileType = image.tiff; path = "mac-pro.tif"; sourceTree = "<group>"; };
		363AB4D11EA75D5400455E08 /* macbook-air.tif */ = {isa = PBXFileReference; lastKnownFileType = image.tiff; path = "macbook-air.tif"; sourceTree = "<group>"; };
		363AB4D21EA75D5400455E08 /* macbook-pro-13.tif */ = {isa = PBXFileReference; lastKnownFileType = image.tiff; path = "macbook-pro-13.tif"; sourceTree = "<group>"; };
		363AB4D31EA75D5400455E08 /* macbook-pro-retina.tif */ = {isa = PBXFileReference; lastKnownFileType = image.tiff; path = "macbook-pro-retina.tif"; sourceTree = "<group>"; };
		363AB4D41EA75D5400455E08 /* macbook.tif */ = {isa = PBXFileReference; lastKnownFileType = image.tiff; path = macbook.tif; sourceTree = "<group>"; };
		363AB4D51EA75D5400455E08 /* magic-mouse.tif */ = {isa = PBXFileReference; lastKnownFileType = image.tiff; path = "magic-mouse.tif"; sourceTree = "<group>"; };
		363AB4D61EA75D5400455E08 /* magic-trackpad.tif */ = {isa = PBXFileReference; lastKnownFileType = image.tiff; path = "magic-trackpad.tif"; sourceTree = "<group>"; };
		363AB4D71EA75D5400455E08 /* os-x.tif */ = {isa = PBXFileReference; lastKnownFileType = image.tiff; path = "os-x.tif"; sourceTree = "<group>"; };
		363AB4D81EA75D5400455E08 /* star_sel.png */ = {isa = PBXFileReference; lastKnownFileType = image.png; path = star_sel.png; sourceTree = "<group>"; };
		363AB4D91EA75D5400455E08 /* star_uns.png */ = {isa = PBXFileReference; lastKnownFileType = image.png; path = star_uns.png; sourceTree = "<group>"; };
		363AB5001EA75D5600455E08 /* Product.swift */ = {isa = PBXFileReference; fileEncoding = 4; lastKnownFileType = sourcecode.swift; path = Product.swift; sourceTree = "<group>"; };
		363AB5011EA75D5600455E08 /* ProductLine.swift */ = {isa = PBXFileReference; fileEncoding = 4; lastKnownFileType = sourcecode.swift; path = ProductLine.swift; sourceTree = "<group>"; };
		363AB5041EA75E3A00455E08 /* AppleTableViewController.swift */ = {isa = PBXFileReference; fileEncoding = 4; lastKnownFileType = sourcecode.swift; path = AppleTableViewController.swift; sourceTree = "<group>"; };
/* End PBXFileReference section */

/* Begin PBXFrameworksBuildPhase section */
		363AB4801EA75CD900455E08 /* Frameworks */ = {
			isa = PBXFrameworksBuildPhase;
			buildActionMask = 2147483647;
			files = (
			);
			runOnlyForDeploymentPostprocessing = 0;
		};
		363AB4941EA75CD900455E08 /* Frameworks */ = {
			isa = PBXFrameworksBuildPhase;
			buildActionMask = 2147483647;
			files = (
			);
			runOnlyForDeploymentPostprocessing = 0;
		};
		363AB49F1EA75CD900455E08 /* Frameworks */ = {
			isa = PBXFrameworksBuildPhase;
			buildActionMask = 2147483647;
			files = (
			);
			runOnlyForDeploymentPostprocessing = 0;
		};
/* End PBXFrameworksBuildPhase section */

/* Begin PBXGroup section */
		363AB47A1EA75CD900455E08 = {
			isa = PBXGroup;
			children = (
				363AB4851EA75CD900455E08 /* TableView */,
				363AB49A1EA75CD900455E08 /* TableViewTests */,
				363AB4A51EA75CD900455E08 /* TableViewUITests */,
				363AB4841EA75CD900455E08 /* Products */,
			);
			sourceTree = "<group>";
		};
		363AB4841EA75CD900455E08 /* Products */ = {
			isa = PBXGroup;
			children = (
				363AB4831EA75CD900455E08 /* TableView.app */,
				363AB4971EA75CD900455E08 /* TableViewTests.xctest */,
				363AB4A21EA75CD900455E08 /* TableViewUITests.xctest */,
			);
			name = Products;
			sourceTree = "<group>";
		};
		363AB4851EA75CD900455E08 /* TableView */ = {
			isa = PBXGroup;
			children = (
				363AB4861EA75CD900455E08 /* AppDelegate.swift */,
				363AB4881EA75CD900455E08 /* ViewController.swift */,
				363AB48A1EA75CD900455E08 /* Main.storyboard */,
				363AB5041EA75E3A00455E08 /* AppleTableViewController.swift */,
				363AB48D1EA75CD900455E08 /* Assets.xcassets */,
				363AB4FF1EA75D5600455E08 /* Model */,
				363AB48F1EA75CD900455E08 /* LaunchScreen.storyboard */,
				363AB4B41EA75D5400455E08 /* DemoAssets */,
				363AB4921EA75CD900455E08 /* Info.plist */,
			);
			path = TableView;
			sourceTree = "<group>";
		};
		363AB49A1EA75CD900455E08 /* TableViewTests */ = {
			isa = PBXGroup;
			children = (
				363AB49B1EA75CD900455E08 /* TableViewTests.swift */,
				363AB49D1EA75CD900455E08 /* Info.plist */,
			);
			path = TableViewTests;
			sourceTree = "<group>";
		};
		363AB4A51EA75CD900455E08 /* TableViewUITests */ = {
			isa = PBXGroup;
			children = (
				363AB4A61EA75CD900455E08 /* TableViewUITests.swift */,
				363AB4A81EA75CD900455E08 /* Info.plist */,
			);
			path = TableViewUITests;
			sourceTree = "<group>";
		};
		363AB4B41EA75D5400455E08 /* DemoAssets */ = {
			isa = PBXGroup;
			children = (
				363AB4B51EA75D5400455E08 /* airport-express.tif */,
				363AB4B61EA75D5400455E08 /* airport-extreme.tif */,
				363AB4B71EA75D5400455E08 /* airport-time-capsule.tif */,
				363AB4B81EA75D5400455E08 /* aperture.tif */,
				363AB4B91EA75D5400455E08 /* apple-pay.tif */,
				363AB4BA1EA75D5400455E08 /* apple-tv.tif */,
				363AB4BB1EA75D5400455E08 /* apple-watch.tif */,
				363AB4BC1EA75D5400455E08 /* apple-wireless-keyboard.tif */,
				363AB4BD1EA75D5400455E08 /* battery-charger.tif */,
				363AB4BE1EA75D5400455E08 /* default@1x.pdf */,
				363AB4BF1EA75D5400455E08 /* default@2x.pdf */,
				363AB4C01EA75D5400455E08 /* display.tif */,
				363AB4C11EA75D5400455E08 /* eyeball.png */,
				363AB4C21EA75D5400455E08 /* final-cut-pro-x.tif */,
				363AB4C31EA75D5400455E08 /* icloud.tif */,
				363AB4C41EA75D5400455E08 /* ilife.tif */,
				363AB4C51EA75D5400455E08 /* imac-5k.tif */,
				363AB4C61EA75D5400455E08 /* ios8.tif */,
				363AB4C71EA75D5400455E08 /* ipad-air2.tif */,
				363AB4C81EA75D5400455E08 /* iphone6.tif */,
				363AB4C91EA75D5400455E08 /* ipod-nano.tif */,
				363AB4CA1EA75D5400455E08 /* ipod-shuffle.tif */,
				363AB4CB1EA75D5400455E08 /* ipod-touch.tif */,
				363AB4CC1EA75D5400455E08 /* itunes.tif */,
				363AB4CD1EA75D5400455E08 /* iwork.tif */,
				363AB4CE1EA75D5400455E08 /* logic-pro-x.tif */,
				363AB4CF1EA75D5400455E08 /* mac-mini.tif */,
				363AB4D01EA75D5400455E08 /* mac-pro.tif */,
				363AB4D11EA75D5400455E08 /* macbook-air.tif */,
				363AB4D21EA75D5400455E08 /* macbook-pro-13.tif */,
				363AB4D31EA75D5400455E08 /* macbook-pro-retina.tif */,
				363AB4D41EA75D5400455E08 /* macbook.tif */,
				363AB4D51EA75D5400455E08 /* magic-mouse.tif */,
				363AB4D61EA75D5400455E08 /* magic-trackpad.tif */,
				363AB4D71EA75D5400455E08 /* os-x.tif */,
				363AB4D81EA75D5400455E08 /* star_sel.png */,
				363AB4D91EA75D5400455E08 /* star_uns.png */,
			);
			path = DemoAssets;
			sourceTree = "<group>";
		};
		363AB4FF1EA75D5600455E08 /* Model */ = {
			isa = PBXGroup;
			children = (
				363AB5001EA75D5600455E08 /* Product.swift */,
				363AB5011EA75D5600455E08 /* ProductLine.swift */,
			);
			path = Model;
			sourceTree = "<group>";
		};
/* End PBXGroup section */

/* Begin PBXNativeTarget section */
		363AB4821EA75CD900455E08 /* TableView */ = {
			isa = PBXNativeTarget;
			buildConfigurationList = 363AB4AB1EA75CD900455E08 /* Build configuration list for PBXNativeTarget "TableView" */;
			buildPhases = (
				363AB47F1EA75CD900455E08 /* Sources */,
				363AB4801EA75CD900455E08 /* Frameworks */,
				363AB4811EA75CD900455E08 /* Resources */,
			);
			buildRules = (
			);
			dependencies = (
			);
			name = TableView;
			productName = TableView;
			productReference = 363AB4831EA75CD900455E08 /* TableView.app */;
			productType = "com.apple.product-type.application";
		};
		363AB4961EA75CD900455E08 /* TableViewTests */ = {
			isa = PBXNativeTarget;
			buildConfigurationList = 363AB4AE1EA75CD900455E08 /* Build configuration list for PBXNativeTarget "TableViewTests" */;
			buildPhases = (
				363AB4931EA75CD900455E08 /* Sources */,
				363AB4941EA75CD900455E08 /* Frameworks */,
				363AB4951EA75CD900455E08 /* Resources */,
			);
			buildRules = (
			);
			dependencies = (
				363AB4991EA75CD900455E08 /* PBXTargetDependency */,
			);
			name = TableViewTests;
			productName = TableViewTests;
			productReference = 363AB4971EA75CD900455E08 /* TableViewTests.xctest */;
			productType = "com.apple.product-type.bundle.unit-test";
		};
		363AB4A11EA75CD900455E08 /* TableViewUITests */ = {
			isa = PBXNativeTarget;
			buildConfigurationList = 363AB4B11EA75CD900455E08 /* Build configuration list for PBXNativeTarget "TableViewUITests" */;
			buildPhases = (
				363AB49E1EA75CD900455E08 /* Sources */,
				363AB49F1EA75CD900455E08 /* Frameworks */,
				363AB4A01EA75CD900455E08 /* Resources */,
			);
			buildRules = (
			);
			dependencies = (
				363AB4A41EA75CD900455E08 /* PBXTargetDependency */,
			);
			name = TableViewUITests;
			productName = TableViewUITests;
			productReference = 363AB4A21EA75CD900455E08 /* TableViewUITests.xctest */;
			productType = "com.apple.product-type.bundle.ui-testing";
		};
/* End PBXNativeTarget section */

/* Begin PBXProject section */
		363AB47B1EA75CD900455E08 /* Project object */ = {
			isa = PBXProject;
			attributes = {
				LastSwiftUpdateCheck = 0830;
				LastUpgradeCheck = 0830;
				ORGANIZATIONNAME = Cntt05;
				TargetAttributes = {
					363AB4821EA75CD900455E08 = {
						CreatedOnToolsVersion = 8.3;
						ProvisioningStyle = Automatic;
					};
					363AB4961EA75CD900455E08 = {
						CreatedOnToolsVersion = 8.3;
						ProvisioningStyle = Automatic;
						TestTargetID = 363AB4821EA75CD900455E08;
					};
					363AB4A11EA75CD900455E08 = {
						CreatedOnToolsVersion = 8.3;
						ProvisioningStyle = Automatic;
						TestTargetID = 363AB4821EA75CD900455E08;
					};
				};
			};
			buildConfigurationList = 363AB47E1EA75CD900455E08 /* Build configuration list for PBXProject "TableView" */;
			compatibilityVersion = "Xcode 3.2";
			developmentRegion = English;
			hasScannedForEncodings = 0;
			knownRegions = (
				en,
				Base,
			);
			mainGroup = 363AB47A1EA75CD900455E08;
			productRefGroup = 363AB4841EA75CD900455E08 /* Products */;
			projectDirPath = "";
			projectRoot = "";
			targets = (
				363AB4821EA75CD900455E08 /* TableView */,
				363AB4961EA75CD900455E08 /* TableViewTests */,
				363AB4A11EA75CD900455E08 /* TableViewUITests */,
			);
		};
/* End PBXProject section */

/* Begin PBXResourcesBuildPhase section */
		363AB4811EA75CD900455E08 /* Resources */ = {
			isa = PBXResourcesBuildPhase;
			buildActionMask = 2147483647;
			files = (
				363AB4EB1EA75D5400455E08 /* ios8.tif in Resources */,
				363AB4F01EA75D5400455E08 /* ipod-touch.tif in Resources */,
				363AB4EC1EA75D5400455E08 /* ipad-air2.tif in Resources */,
				363AB4FB1EA75D5400455E08 /* magic-trackpad.tif in Resources */,
				363AB4F11EA75D5400455E08 /* itunes.tif in Resources */,
				363AB4E31EA75D5400455E08 /* default@1x.pdf in Resources */,
				363AB4FC1EA75D5400455E08 /* os-x.tif in Resources */,
				363AB4F61EA75D5400455E08 /* macbook-air.tif in Resources */,
				363AB4DC1EA75D5400455E08 /* airport-time-capsule.tif in Resources */,
				363AB4DB1EA75D5400455E08 /* airport-extreme.tif in Resources */,
				363AB4EF1EA75D5400455E08 /* ipod-shuffle.tif in Resources */,
				363AB4E41EA75D5400455E08 /* default@2x.pdf in Resources */,
				363AB4E01EA75D5400455E08 /* apple-watch.tif in Resources */,
				363AB4F21EA75D5400455E08 /* iwork.tif in Resources */,
				363AB4F91EA75D5400455E08 /* macbook.tif in Resources */,
				363AB4DA1EA75D5400455E08 /* airport-express.tif in Resources */,
				363AB4E71EA75D5400455E08 /* final-cut-pro-x.tif in Resources */,
				363AB4EA1EA75D5400455E08 /* imac-5k.tif in Resources */,
				363AB4DD1EA75D5400455E08 /* aperture.tif in Resources */,
				363AB4E11EA75D5400455E08 /* apple-wireless-keyboard.tif in Resources */,
				363AB4F41EA75D5400455E08 /* mac-mini.tif in Resources */,
				363AB4911EA75CD900455E08 /* LaunchScreen.storyboard in Resources */,
				363AB4F51EA75D5400455E08 /* mac-pro.tif in Resources */,
				363AB4F71EA75D5400455E08 /* macbook-pro-13.tif in Resources */,
				363AB48E1EA75CD900455E08 /* Assets.xcassets in Resources */,
				363AB4E21EA75D5400455E08 /* battery-charger.tif in Resources */,
				363AB48C1EA75CD900455E08 /* Main.storyboard in Resources */,
				363AB4E91EA75D5400455E08 /* ilife.tif in Resources */,
				363AB4ED1EA75D5400455E08 /* iphone6.tif in Resources */,
				363AB4E61EA75D5400455E08 /* eyeball.png in Resources */,
				363AB4F31EA75D5400455E08 /* logic-pro-x.tif in Resources */,
				363AB4EE1EA75D5400455E08 /* ipod-nano.tif in Resources */,
				363AB4DF1EA75D5400455E08 /* apple-tv.tif in Resources */,
				363AB4FA1EA75D5400455E08 /* magic-mouse.tif in Resources */,
				363AB4E81EA75D5400455E08 /* icloud.tif in Resources */,
				363AB4F81EA75D5400455E08 /* macbook-pro-retina.tif in Resources */,
				363AB4DE1EA75D5400455E08 /* apple-pay.tif in Resources */,
				363AB4E51EA75D5400455E08 /* display.tif in Resources */,
				363AB4FE1EA75D5400455E08 /* star_uns.png in Resources */,
				363AB4FD1EA75D5400455E08 /* star_sel.png in Resources */,
			);
			runOnlyForDeploymentPostprocessing = 0;
		};
		363AB4951EA75CD900455E08 /* Resources */ = {
			isa = PBXResourcesBuildPhase;
			buildActionMask = 2147483647;
			files = (
			);
			runOnlyForDeploymentPostprocessing = 0;
		};
		363AB4A01EA75CD900455E08 /* Resources */ = {
			isa = PBXResourcesBuildPhase;
			buildActionMask = 2147483647;
			files = (
			);
			runOnlyForDeploymentPostprocessing = 0;
		};
/* End PBXResourcesBuildPhase section */

/* Begin PBXSourcesBuildPhase section */
		363AB47F1EA75CD900455E08 /* Sources */ = {
			isa = PBXSourcesBuildPhase;
			buildActionMask = 2147483647;
			files = (
				363AB4891EA75CD900455E08 /* ViewController.swift in Sources */,
				363AB5031EA75D5600455E08 /* ProductLine.swift in Sources */,
				363AB4871EA75CD900455E08 /* AppDelegate.swift in Sources */,
				363AB5051EA75E3A00455E08 /* AppleTableViewController.swift in Sources */,
				363AB5021EA75D5600455E08 /* Product.swift in Sources */,
			);
			runOnlyForDeploymentPostprocessing = 0;
		};
		363AB4931EA75CD900455E08 /* Sources */ = {
			isa = PBXSourcesBuildPhase;
			buildActionMask = 2147483647;
			files = (
				363AB49C1EA75CD900455E08 /* TableViewTests.swift in Sources */,
			);
			runOnlyForDeploymentPostprocessing = 0;
		};
		363AB49E1EA75CD900455E08 /* Sources */ = {
			isa = PBXSourcesBuildPhase;
			buildActionMask = 2147483647;
			files = (
				363AB4A71EA75CD900455E08 /* TableViewUITests.swift in Sources */,
			);
			runOnlyForDeploymentPostprocessing = 0;
		};
/* End PBXSourcesBuildPhase section */

/* Begin PBXTargetDependency section */
		363AB4991EA75CD900455E08 /* PBXTargetDependency */ = {
			isa = PBXTargetDependency;
			target = 363AB4821EA75CD900455E08 /* TableView */;
			targetProxy = 363AB4981EA75CD900455E08 /* PBXContainerItemProxy */;
		};
		363AB4A41EA75CD900455E08 /* PBXTargetDependency */ = {
			isa = PBXTargetDependency;
			target = 363AB4821EA75CD900455E08 /* TableView */;
			targetProxy = 363AB4A31EA75CD900455E08 /* PBXContainerItemProxy */;
		};
/* End PBXTargetDependency section */

/* Begin PBXVariantGroup section */
		363AB48A1EA75CD900455E08 /* Main.storyboard */ = {
			isa = PBXVariantGroup;
			children = (
				363AB48B1EA75CD900455E08 /* Base */,
			);
			name = Main.storyboard;
			sourceTree = "<group>";
		};
		363AB48F1EA75CD900455E08 /* LaunchScreen.storyboard */ = {
			isa = PBXVariantGroup;
			children = (
				363AB4901EA75CD900455E08 /* Base */,
			);
			name = LaunchScreen.storyboard;
			sourceTree = "<group>";
		};
/* End PBXVariantGroup section */

/* Begin XCBuildConfiguration section */
		363AB4A91EA75CD900455E08 /* Debug */ = {
			isa = XCBuildConfiguration;
			buildSettings = {
				ALWAYS_SEARCH_USER_PATHS = NO;
				CLANG_ANALYZER_NONNULL = YES;
				CLANG_ANALYZER_NUMBER_OBJECT_CONVERSION = YES_AGGRESSIVE;
				CLANG_CXX_LANGUAGE_STANDARD = "gnu++0x";
				CLANG_CXX_LIBRARY = "libc++";
				CLANG_ENABLE_MODULES = YES;
				CLANG_ENABLE_OBJC_ARC = YES;
				CLANG_WARN_BOOL_CONVERSION = YES;
				CLANG_WARN_CONSTANT_CONVERSION = YES;
				CLANG_WARN_DIRECT_OBJC_ISA_USAGE = YES_ERROR;
				CLANG_WARN_DOCUMENTATION_COMMENTS = YES;
				CLANG_WARN_EMPTY_BODY = YES;
				CLANG_WARN_ENUM_CONVERSION = YES;
				CLANG_WARN_INFINITE_RECURSION = YES;
				CLANG_WARN_INT_CONVERSION = YES;
				CLANG_WARN_OBJC_ROOT_CLASS = YES_ERROR;
				CLANG_WARN_SUSPICIOUS_MOVE = YES;
				CLANG_WARN_UNREACHABLE_CODE = YES;
				CLANG_WARN__DUPLICATE_METHOD_MATCH = YES;
				"CODE_SIGN_IDENTITY[sdk=iphoneos*]" = "iPhone Developer";
				COPY_PHASE_STRIP = NO;
				DEBUG_INFORMATION_FORMAT = dwarf;
				ENABLE_STRICT_OBJC_MSGSEND = YES;
				ENABLE_TESTABILITY = YES;
				GCC_C_LANGUAGE_STANDARD = gnu99;
				GCC_DYNAMIC_NO_PIC = NO;
				GCC_NO_COMMON_BLOCKS = YES;
				GCC_OPTIMIZATION_LEVEL = 0;
				GCC_PREPROCESSOR_DEFINITIONS = (
					"DEBUG=1",
					"$(inherited)",
				);
				GCC_WARN_64_TO_32_BIT_CONVERSION = YES;
				GCC_WARN_ABOUT_RETURN_TYPE = YES_ERROR;
				GCC_WARN_UNDECLARED_SELECTOR = YES;
				GCC_WARN_UNINITIALIZED_AUTOS = YES_AGGRESSIVE;
				GCC_WARN_UNUSED_FUNCTION = YES;
				GCC_WARN_UNUSED_VARIABLE = YES;
				IPHONEOS_DEPLOYMENT_TARGET = 10.3;
				MTL_ENABLE_DEBUG_INFO = YES;
				ONLY_ACTIVE_ARCH = YES;
				SDKROOT = iphoneos;
				SWIFT_ACTIVE_COMPILATION_CONDITIONS = DEBUG;
				SWIFT_OPTIMIZATION_LEVEL = "-Onone";
			};
			name = Debug;
		};
		363AB4AA1EA75CD900455E08 /* Release */ = {
			isa = XCBuildConfiguration;
			buildSettings = {
				ALWAYS_SEARCH_USER_PATHS = NO;
				CLANG_ANALYZER_NONNULL = YES;
				CLANG_ANALYZER_NUMBER_OBJECT_CONVERSION = YES_AGGRESSIVE;
				CLANG_CXX_LANGUAGE_STANDARD = "gnu++0x";
				CLANG_CXX_LIBRARY = "libc++";
				CLANG_ENABLE_MODULES = YES;
				CLANG_ENABLE_OBJC_ARC = YES;
				CLANG_WARN_BOOL_CONVERSION = YES;
				CLANG_WARN_CONSTANT_CONVERSION = YES;
				CLANG_WARN_DIRECT_OBJC_ISA_USAGE = YES_ERROR;
				CLANG_WARN_DOCUMENTATION_COMMENTS = YES;
				CLANG_WARN_EMPTY_BODY = YES;
				CLANG_WARN_ENUM_CONVERSION = YES;
				CLANG_WARN_INFINITE_RECURSION = YES;
				CLANG_WARN_INT_CONVERSION = YES;
				CLANG_WARN_OBJC_ROOT_CLASS = YES_ERROR;
				CLANG_WARN_SUSPICIOUS_MOVE = YES;
				CLANG_WARN_UNREACHABLE_CODE = YES;
				CLANG_WARN__DUPLICATE_METHOD_MATCH = YES;
				"CODE_SIGN_IDENTITY[sdk=iphoneos*]" = "iPhone Developer";
				COPY_PHASE_STRIP = NO;
				DEBUG_INFORMATION_FORMAT = "dwarf-with-dsym";
				ENABLE_NS_ASSERTIONS = NO;
				ENABLE_STRICT_OBJC_MSGSEND = YES;
				GCC_C_LANGUAGE_STANDARD = gnu99;
				GCC_NO_COMMON_BLOCKS = YES;
				GCC_WARN_64_TO_32_BIT_CONVERSION = YES;
				GCC_WARN_ABOUT_RETURN_TYPE = YES_ERROR;
				GCC_WARN_UNDECLARED_SELECTOR = YES;
				GCC_WARN_UNINITIALIZED_AUTOS = YES_AGGRESSIVE;
				GCC_WARN_UNUSED_FUNCTION = YES;
				GCC_WARN_UNUSED_VARIABLE = YES;
				IPHONEOS_DEPLOYMENT_TARGET = 10.3;
				MTL_ENABLE_DEBUG_INFO = NO;
				SDKROOT = iphoneos;
				SWIFT_OPTIMIZATION_LEVEL = "-Owholemodule";
				VALIDATE_PRODUCT = YES;
			};
			name = Release;
		};
		363AB4AC1EA75CD900455E08 /* Debug */ = {
			isa = XCBuildConfiguration;
			buildSettings = {
				ASSETCATALOG_COMPILER_APPICON_NAME = AppIcon;
				INFOPLIST_FILE = TableView/Info.plist;
				LD_RUNPATH_SEARCH_PATHS = "$(inherited) @executable_path/Frameworks";
				PRODUCT_BUNDLE_IDENTIFIER = khoapham.vn.TableView;
				PRODUCT_NAME = "$(TARGET_NAME)";
				SWIFT_VERSION = 3.0;
			};
			name = Debug;
		};
		363AB4AD1EA75CD900455E08 /* Release */ = {
			isa = XCBuildConfiguration;
			buildSettings = {
				ASSETCATALOG_COMPILER_APPICON_NAME = AppIcon;
				INFOPLIST_FILE = TableView/Info.plist;
				LD_RUNPATH_SEARCH_PATHS = "$(inherited) @executable_path/Frameworks";
				PRODUCT_BUNDLE_IDENTIFIER = khoapham.vn.TableView;
				PRODUCT_NAME = "$(TARGET_NAME)";
				SWIFT_VERSION = 3.0;
			};
			name = Release;
		};
		363AB4AF1EA75CD900455E08 /* Debug */ = {
			isa = XCBuildConfiguration;
			buildSettings = {
				ALWAYS_EMBED_SWIFT_STANDARD_LIBRARIES = YES;
				BUNDLE_LOADER = "$(TEST_HOST)";
				INFOPLIST_FILE = TableViewTests/Info.plist;
				LD_RUNPATH_SEARCH_PATHS = "$(inherited) @executable_path/Frameworks @loader_path/Frameworks";
				PRODUCT_BUNDLE_IDENTIFIER = khoapham.vn.TableViewTests;
				PRODUCT_NAME = "$(TARGET_NAME)";
				SWIFT_VERSION = 3.0;
				TEST_HOST = "$(BUILT_PRODUCTS_DIR)/TableView.app/TableView";
			};
			name = Debug;
		};
		363AB4B01EA75CD900455E08 /* Release */ = {
			isa = XCBuildConfiguration;
			buildSettings = {
				ALWAYS_EMBED_SWIFT_STANDARD_LIBRARIES = YES;
				BUNDLE_LOADER = "$(TEST_HOST)";
				INFOPLIST_FILE = TableViewTests/Info.plist;
				LD_RUNPATH_SEARCH_PATHS = "$(inherited) @executable_path/Frameworks @loader_path/Frameworks";
				PRODUCT_BUNDLE_IDENTIFIER = khoapham.vn.TableViewTests;
				PRODUCT_NAME = "$(TARGET_NAME)";
				SWIFT_VERSION = 3.0;
				TEST_HOST = "$(BUILT_PRODUCTS_DIR)/TableView.app/TableView";
			};
			name = Release;
		};
		363AB4B21EA75CD900455E08 /* Debug */ = {
			isa = XCBuildConfiguration;
			buildSettings = {
				ALWAYS_EMBED_SWIFT_STANDARD_LIBRARIES = YES;
				INFOPLIST_FILE = TableViewUITests/Info.plist;
				LD_RUNPATH_SEARCH_PATHS = "$(inherited) @executable_path/Frameworks @loader_path/Frameworks";
				PRODUCT_BUNDLE_IDENTIFIER = khoapham.vn.TableViewUITests;
				PRODUCT_NAME = "$(TARGET_NAME)";
				SWIFT_VERSION = 3.0;
				TEST_TARGET_NAME = TableView;
			};
			name = Debug;
		};
		363AB4B31EA75CD900455E08 /* Release */ = {
			isa = XCBuildConfiguration;
			buildSettings = {
				ALWAYS_EMBED_SWIFT_STANDARD_LIBRARIES = YES;
				INFOPLIST_FILE = TableViewUITests/Info.plist;
				LD_RUNPATH_SEARCH_PATHS = "$(inherited) @executable_path/Frameworks @loader_path/Frameworks";
				PRODUCT_BUNDLE_IDENTIFIER = khoapham.vn.TableViewUITests;
				PRODUCT_NAME = "$(TARGET_NAME)";
				SWIFT_VERSION = 3.0;
				TEST_TARGET_NAME = TableView;
			};
			name = Release;
		};
/* End XCBuildConfiguration section */

/* Begin XCConfigurationList section */
		363AB47E1EA75CD900455E08 /* Build configuration list for PBXProject "TableView" */ = {
			isa = XCConfigurationList;
			buildConfigurations = (
				363AB4A91EA75CD900455E08 /* Debug */,
				363AB4AA1EA75CD900455E08 /* Release */,
			);
			defaultConfigurationIsVisible = 0;
			defaultConfigurationName = Release;
		};
		363AB4AB1EA75CD900455E08 /* Build configuration list for PBXNativeTarget "TableView" */ = {
			isa = XCConfigurationList;
			buildConfigurations = (
				363AB4AC1EA75CD900455E08 /* Debug */,
				363AB4AD1EA75CD900455E08 /* Release */,
			);
			defaultConfigurationIsVisible = 0;
		};
		363AB4AE1EA75CD900455E08 /* Build configuration list for PBXNativeTarget "TableViewTests" */ = {
			isa = XCConfigurationList;
			buildConfigurations = (
				363AB4AF1EA75CD900455E08 /* Debug */,
				363AB4B01EA75CD900455E08 /* Release */,
			);
			defaultConfigurationIsVisible = 0;
		};
		363AB4B11EA75CD900455E08 /* Build configuration list for PBXNativeTarget "TableViewUITests" */ = {
			isa = XCConfigurationList;
			buildConfigurations = (
				363AB4B21EA75CD900455E08 /* Debug */,
				363AB4B31EA75CD900455E08 /* Release */,
			);
			defaultConfigurationIsVisible = 0;
		};
/* End XCConfigurationList section */
	};
	rootObject = 363AB47B1EA75CD900455E08 /* Project object */;
}
